
Microsoft Visual Studio Solution File, Format Version 12.00
# Visual Studio 2017
Project("{FAE04EC0-301F-11D3-BF4B-00C04F79EFBC}") = "_Arione_", "_Arione_.csproj", "{BF790B82-652A-60EF-FA35-F47DBC651FBF}"
EndProject
Project("{FAE04EC0-301F-11D3-BF4B-00C04F79EFBC}") = "_Arione_.Editor", "_Arione_.Editor.csproj", "{E8A4040A-7946-F304-81F9-CF77D24A5875}"
EndProject
Global
	GlobalSection(SolutionConfigurationPlatforms) = preSolution
		Debug|Any CPU = Debug|Any CPU
		Release|Any CPU = Release|Any CPU
	EndGlobalSection
	GlobalSection(ProjectConfigurationPlatforms) = postSolution
		{BF790B82-652A-60EF-FA35-F47DBC651FBF}.Debug|Any CPU.ActiveCfg = Debug|Any CPU
		{BF790B82-652A-60EF-FA35-F47DBC651FBF}.Debug|Any CPU.Build.0 = Debug|Any CPU
		{BF790B82-652A-60EF-FA35-F47DBC651FBF}.Release|Any CPU.ActiveCfg = Release|Any CPU
		{BF790B82-652A-60EF-FA35-F47DBC651FBF}.Release|Any CPU.Build.0 = Release|Any CPU
		{E8A4040A-7946-F304-81F9-CF77D24A5875}.Debug|Any CPU.ActiveCfg = Debug|Any CPU
		{E8A4040A-7946-F304-81F9-CF77D24A5875}.Debug|Any CPU.Build.0 = Debug|Any CPU
		{E8A4040A-7946-F304-81F9-CF77D24A5875}.Release|Any CPU.ActiveCfg = Release|Any CPU
		{E8A4040A-7946-F304-81F9-CF77D24A5875}.Release|Any CPU.Build.0 = Release|Any CPU
	EndGlobalSection
	GlobalSection(SolutionProperties) = preSolution
		HideSolutionNode = FALSE
	EndGlobalSection
EndGlobal
